
Microsoft Visual Studio Solution File, Format Version 12.00
# Visual Studio 15
VisualStudioVersion = 15.0.27130.2027
MinimumVisualStudioVersion = 10.0.40219.1
Project("{FAE04EC0-301F-11D3-BF4B-00C04F79EFBC}") = "Odev2", "Odev2\Odev2.csproj", "{19877182-58E1-4DB9-9226-0AB9097970BA}"
EndProject
Global
	GlobalSection(SolutionConfigurationPlatforms) = preSolution
		Debug|Any CPU = Debug|Any CPU
		Release|Any CPU = Release|Any CPU
	EndGlobalSection
	GlobalSection(ProjectConfigurationPlatforms) = postSolution
		{19877182-58E1-4DB9-9226-0AB9097970BA}.Debug|Any CPU.ActiveCfg = Debug|Any CPU
		{19877182-58E1-4DB9-9226-0AB9097970BA}.Debug|Any CPU.Build.0 = Debug|Any CPU
		{19877182-58E1-4DB9-9226-0AB9097970BA}.Release|Any CPU.ActiveCfg = Release|Any CPU
		{19877182-58E1-4DB9-9226-0AB9097970BA}.Release|Any CPU.Build.0 = Release|Any CPU
	EndGlobalSection
	GlobalSection(SolutionProperties) = preSolution
		HideSolutionNode = FALSE
	EndGlobalSection
	GlobalSection(ExtensibilityGlobals) = postSolution
		SolutionGuid = {E85D5434-C422-4EE0-9509-799C5FD79117}
	EndGlobalSection
EndGlobal
